
Microsoft Visual Studio Solution File, Format Version 12.00
# Visual Studio 15
VisualStudioVersion = 15.0.27130.2010
MinimumVisualStudioVersion = 10.0.40219.1
Project("{888888A0-9F3D-457C-B088-3A5042F75D52}") = "TestApp", "TestApp.pyproj", "{18FFBB66-05AA-4607-A6BD-7CD918D97D40}"
EndProject
Global
	GlobalSection(SolutionConfigurationPlatforms) = preSolution
		Debug|Any CPU = Debug|Any CPU
		Release|Any CPU = Release|Any CPU
	EndGlobalSection
	GlobalSection(ProjectConfigurationPlatforms) = postSolution
		{18FFBB66-05AA-4607-A6BD-7CD918D97D40}.Debug|Any CPU.ActiveCfg = Debug|Any CPU
		{18FFBB66-05AA-4607-A6BD-7CD918D97D40}.Release|Any CPU.ActiveCfg = Release|Any CPU
	EndGlobalSection
	GlobalSection(SolutionProperties) = preSolution
		HideSolutionNode = FALSE
	EndGlobalSection
	GlobalSection(ExtensibilityGlobals) = postSolution
		SolutionGuid = {20C9B15A-F1FD-48D4-AA77-60E90D4947CB}
	EndGlobalSection
EndGlobal
